
Microsoft Visual Studio Solution File, Format Version 12.00
# Visual Studio 2012
Project("{8BC9CEB8-8B4A-11D0-8D11-00A0C91BC942}") = "Array", "Array.vcxproj", "{7CF6B2BF-80B1-4858-85F5-061BA2802B24}"
EndProject
Global
	GlobalSection(SolutionConfigurationPlatforms) = preSolution
		Debug|Win32 = Debug|Win32
		Release|Win32 = Release|Win32
	EndGlobalSection
	GlobalSection(ProjectConfigurationPlatforms) = postSolution
		{7CF6B2BF-80B1-4858-85F5-061BA2802B24}.Debug|Win32.ActiveCfg = Debug|Win32
		{7CF6B2BF-80B1-4858-85F5-061BA2802B24}.Debug|Win32.Build.0 = Debug|Win32
		{7CF6B2BF-80B1-4858-85F5-061BA2802B24}.Release|Win32.ActiveCfg = Release|Win32
		{7CF6B2BF-80B1-4858-85F5-061BA2802B24}.Release|Win32.Build.0 = Release|Win32
	EndGlobalSection
	GlobalSection(SolutionProperties) = preSolution
		HideSolutionNode = FALSE
	EndGlobalSection
EndGlobal
